
Microsoft Visual Studio Solution File, Format Version 12.00
# Visual Studio Version 17
VisualStudioVersion = 17.4.33205.214
MinimumVisualStudioVersion = 10.0.40219.1
Project("{FAE04EC0-301F-11D3-BF4B-00C04F79EFBC}") = "duhoKlakuladzka", "duhoKlakuladzka\duhoKlakuladzka.csproj", "{FAA394AE-83C0-44F5-9D57-590F2B016EB8}"
EndProject
Global
	GlobalSection(SolutionConfigurationPlatforms) = preSolution
		Debug|Any CPU = Debug|Any CPU
		Release|Any CPU = Release|Any CPU
	EndGlobalSection
	GlobalSection(ProjectConfigurationPlatforms) = postSolution
		{FAA394AE-83C0-44F5-9D57-590F2B016EB8}.Debug|Any CPU.ActiveCfg = Debug|Any CPU
		{FAA394AE-83C0-44F5-9D57-590F2B016EB8}.Debug|Any CPU.Build.0 = Debug|Any CPU
		{FAA394AE-83C0-44F5-9D57-590F2B016EB8}.Release|Any CPU.ActiveCfg = Release|Any CPU
		{FAA394AE-83C0-44F5-9D57-590F2B016EB8}.Release|Any CPU.Build.0 = Release|Any CPU
	EndGlobalSection
	GlobalSection(SolutionProperties) = preSolution
		HideSolutionNode = FALSE
	EndGlobalSection
	GlobalSection(ExtensibilityGlobals) = postSolution
		SolutionGuid = {AB3FE97C-F2DA-429C-B10A-7267D419A6C0}
	EndGlobalSection
EndGlobal
